// !$*UTF8*$!
{
	archiveVersion = 1;
	classes = {
	};
	objectVersion = 77;
	objects = {

/* Begin PBXBuildFile section */
		B9168F572F13F554005D08F6 /* GoogleSignIn in Frameworks */ = {isa = PBXBuildFile; productRef = B9168F562F13F554005D08F6 /* GoogleSignIn */; };
		B99569CC2ED8D99800E88D56 /* Watch2 Watch App.app in Embed Watch Content */ = {isa = PBXBuildFile; fileRef = B99569C22ED8D99600E88D56 /* Watch2 Watch App.app */; settings = {ATTRIBUTES = (RemoveHeadersOnCopy, ); }; };
/* End PBXBuildFile section */

/* Begin PBXContainerItemProxy section */
		B99569CA2ED8D99800E88D56 /* PBXContainerItemProxy */ = {
			isa = PBXContainerItemProxy;
			containerPortal = B99569A62ED8D96500E88D56 /* Project object */;
			proxyType = 1;
			remoteGlobalIDString = B99569C12ED8D99600E88D56;
			remoteInfo = "Watch2 Watch App";
		};
/* End PBXContainerItemProxy section */

/* Begin PBXCopyFilesBuildPhase section */
		B99569D02ED8D99800E88D56 /* Embed Watch Content */ = {
			isa = PBXCopyFilesBuildPhase;
			buildActionMask = 2147483647;
			dstPath = "$(CONTENTS_FOLDER_PATH)/Watch";
			dstSubfolderSpec = 16;
			files = (
				B99569CC2ED8D99800E88D56 /* Watch2 Watch App.app in Embed Watch Content */,
			);
			name = "Embed Watch Content";
			runOnlyForDeploymentPostprocessing = 0;
		};
/* End PBXCopyFilesBuildPhase section */

/* Begin PBXFileReference section */
		B99569AE2ED8D96500E88D56 /* RepCompanion 2.app */ = {isa = PBXFileReference; explicitFileType = wrapper.application; includeInIndex = 0; path = "RepCompanion 2.app"; sourceTree = BUILT_PRODUCTS_DIR; };
		B99569C22ED8D99600E88D56 /* Watch2 Watch App.app */ = {isa = PBXFileReference; explicitFileType = wrapper.application; includeInIndex = 0; path = "Watch2 Watch App.app"; sourceTree = BUILT_PRODUCTS_DIR; };
/* End PBXFileReference section */

/* Begin PBXFileSystemSynchronizedBuildFileExceptionSet section */
		B9168F542F13E9B8005D08F6 /* Exceptions for "RepCompanion 2" folder in "RepCompanion 2" target */ = {
			isa = PBXFileSystemSynchronizedBuildFileExceptionSet;
			membershipExceptions = (
				"RepCompanion-2-Info.plist",
			);
			target = B99569AD2ED8D96500E88D56 /* RepCompanion 2 */;
		};
/* End PBXFileSystemSynchronizedBuildFileExceptionSet section */

/* Begin PBXFileSystemSynchronizedRootGroup section */
		B99569B02ED8D96500E88D56 /* RepCompanion 2 */ = {
			isa = PBXFileSystemSynchronizedRootGroup;
			exceptions = (
				B9168F542F13E9B8005D08F6 /* Exceptions for "RepCompanion 2" folder in "RepCompanion 2" target */,
			);
			path = "RepCompanion 2";
			sourceTree = "<group>";
		};
		B99569C32ED8D99600E88D56 /* Watch2 Watch App */ = {
			isa = PBXFileSystemSynchronizedRootGroup;
			path = "Watch2 Watch App";
			sourceTree = "<group>";
		};
		B99569E92ED8E9CC00E88D56 /* RepCompanioniOS */ = {
			isa = PBXFileSystemSynchronizedRootGroup;
			path = RepCompanioniOS;
			sourceTree = "<group>";
		};
		B99569FC2ED8ECC700E88D56 /* Shared */ = {
			isa = PBXFileSystemSynchronizedRootGroup;
			path = Shared;
			sourceTree = "<group>";
		};
/* End PBXFileSystemSynchronizedRootGroup section */

/* Begin PBXFrameworksBuildPhase section */
		B99569AB2ED8D96500E88D56 /* Frameworks */ = {
			isa = PBXFrameworksBuildPhase;
			buildActionMask = 2147483647;
			files = (
				B9168F572F13F554005D08F6 /* GoogleSignIn in Frameworks */,
			);
			runOnlyForDeploymentPostprocessing = 0;
		};
		B99569BF2ED8D99600E88D56 /* Frameworks */ = {
			isa = PBXFrameworksBuildPhase;
			buildActionMask = 2147483647;
			files = (
			);
			runOnlyForDeploymentPostprocessing = 0;
		};
/* End PBXFrameworksBuildPhase section */

/* Begin PBXGroup section */
		B9168F552F13F554005D08F6 /* Frameworks */ = {
			isa = PBXGroup;
			children = (
			);
			name = Frameworks;
			sourceTree = "<group>";
		};
		B99569A52ED8D96500E88D56 = {
			isa = PBXGroup;
			children = (
				B99569FC2ED8ECC700E88D56 /* Shared */,
				B99569E92ED8E9CC00E88D56 /* RepCompanioniOS */,
				B99569B02ED8D96500E88D56 /* RepCompanion 2 */,
				B99569C32ED8D99600E88D56 /* Watch2 Watch App */,
				B9168F552F13F554005D08F6 /* Frameworks */,
				B99569AF2ED8D96500E88D56 /* Products */,
			);
			sourceTree = "<group>";
		};
		B99569AF2ED8D96500E88D56 /* Products */ = {
			isa = PBXGroup;
			children = (
				B99569AE2ED8D96500E88D56 /* RepCompanion 2.app */,
				B99569C22ED8D99600E88D56 /* Watch2 Watch App.app */,
			);
			name = Products;
			sourceTree = "<group>";
		};
/* End PBXGroup section */

/* Begin PBXNativeTarget section */
		B99569AD2ED8D96500E88D56 /* RepCompanion 2 */ = {
			isa = PBXNativeTarget;
			buildConfigurationList = B99569BB2ED8D96600E88D56 /* Build configuration list for PBXNativeTarget "RepCompanion 2" */;
			buildPhases = (
				B99569AA2ED8D96500E88D56 /* Sources */,
				B99569AB2ED8D96500E88D56 /* Frameworks */,
				B99569AC2ED8D96500E88D56 /* Resources */,
				B99569D02ED8D99800E88D56 /* Embed Watch Content */,
			);
			buildRules = (
			);
			dependencies = (
				B99569CB2ED8D99800E88D56 /* PBXTargetDependency */,
			);
			fileSystemSynchronizedGroups = (
				B99569B02ED8D96500E88D56 /* RepCompanion 2 */,
				B99569E92ED8E9CC00E88D56 /* RepCompanioniOS */,
				B99569FC2ED8ECC700E88D56 /* Shared */,
			);
			name = "RepCompanion 2";
			packageProductDependencies = (
				B9168F562F13F554005D08F6 /* GoogleSignIn */,
			);
			productName = "RepCompanion 2";
			productReference = B99569AE2ED8D96500E88D56 /* RepCompanion 2.app */;
			productType = "com.apple.product-type.application";
		};
		B99569C12ED8D99600E88D56 /* Watch2 Watch App */ = {
			isa = PBXNativeTarget;
			buildConfigurationList = B99569CD2ED8D99800E88D56 /* Build configuration list for PBXNativeTarget "Watch2 Watch App" */;
			buildPhases = (
				B99569BE2ED8D99600E88D56 /* Sources */,
				B99569BF2ED8D99600E88D56 /* Frameworks */,
				B99569C02ED8D99600E88D56 /* Resources */,
			);
			buildRules = (
			);
			dependencies = (
			);
			fileSystemSynchronizedGroups = (
				B99569C32ED8D99600E88D56 /* Watch2 Watch App */,
				B99569FC2ED8ECC700E88D56 /* Shared */,
			);
			name = "Watch2 Watch App";
			packageProductDependencies = (
			);
			productName = "Watch2 Watch App";
			productReference = B99569C22ED8D99600E88D56 /* Watch2 Watch App.app */;
			productType = "com.apple.product-type.application";
		};
/* End PBXNativeTarget section */

/* Begin PBXProject section */
		B99569A62ED8D96500E88D56 /* Project object */ = {
			isa = PBXProject;
			attributes = {
				BuildIndependentTargetsInParallel = 1;
				LastSwiftUpdateCheck = 2610;
				LastUpgradeCheck = 2620;
				TargetAttributes = {
					B99569AD2ED8D96500E88D56 = {
						CreatedOnToolsVersion = 26.1.1;
					};
					B99569C12ED8D99600E88D56 = {
						CreatedOnToolsVersion = 26.1.1;
					};
				};
			};
			buildConfigurationList = B99569A92ED8D96500E88D56 /* Build configuration list for PBXProject "RepCompanion 2 Antigravity" */;
			developmentRegion = en;
			hasScannedForEncodings = 0;
			knownRegions = (
				en,
				Base,
			);
			mainGroup = B99569A52ED8D96500E88D56;
			minimizedProjectReferenceProxies = 1;
			packageReferences = (
				B9168F522F13E80A005D08F6 /* XCRemoteSwiftPackageReference "GoogleSignIn-iOS" */,
			);
			preferredProjectObjectVersion = 77;
			productRefGroup = B99569AF2ED8D96500E88D56 /* Products */;
			projectDirPath = "";
			projectRoot = "";
			targets = (
				B99569AD2ED8D96500E88D56 /* RepCompanion 2 */,
				B99569C12ED8D99600E88D56 /* Watch2 Watch App */,
			);
		};
/* End PBXProject section */

/* Begin PBXResourcesBuildPhase section */
		B99569AC2ED8D96500E88D56 /* Resources */ = {
			isa = PBXResourcesBuildPhase;
			buildActionMask = 2147483647;
			files = (
			);
			runOnlyForDeploymentPostprocessing = 0;
		};
		B99569C02ED8D99600E88D56 /* Resources */ = {
			isa = PBXResourcesBuildPhase;
			buildActionMask = 2147483647;
			files = (
			);
			runOnlyForDeploymentPostprocessing = 0;
		};
/* End PBXResourcesBuildPhase section */

/* Begin PBXSourcesBuildPhase section */
		B99569AA2ED8D96500E88D56 /* Sources */ = {
			isa = PBXSourcesBuildPhase;
			buildActionMask = 2147483647;
			files = (
			);
			runOnlyForDeploymentPostprocessing = 0;
		};
		B99569BE2ED8D99600E88D56 /* Sources */ = {
			isa = PBXSourcesBuildPhase;
			buildActionMask = 2147483647;
			files = (
			);
			runOnlyForDeploymentPostprocessing = 0;
		};
/* End PBXSourcesBuildPhase section */

/* Begin PBXTargetDependency section */
		B99569CB2ED8D99800E88D56 /* PBXTargetDependency */ = {
			isa = PBXTargetDependency;
			target = B99569C12ED8D99600E88D56 /* Watch2 Watch App */;
			targetProxy = B99569CA2ED8D99800E88D56 /* PBXContainerItemProxy */;
		};
/* End PBXTargetDependency section */

/* Begin XCBuildConfiguration section */
		B99569B92ED8D96600E88D56 /* Debug */ = {
			isa = XCBuildConfiguration;
			buildSettings = {
				ALWAYS_SEARCH_USER_PATHS = NO;
				ASSETCATALOG_COMPILER_GENERATE_SWIFT_ASSET_SYMBOL_EXTENSIONS = YES;
				CLANG_ANALYZER_NONNULL = YES;
				CLANG_ANALYZER_NUMBER_OBJECT_CONVERSION = YES_AGGRESSIVE;
				CLANG_CXX_LANGUAGE_STANDARD = "gnu++20";
				CLANG_ENABLE_MODULES = YES;
				CLANG_ENABLE_OBJC_ARC = YES;
				CLANG_ENABLE_OBJC_WEAK = YES;
				CLANG_WARN_BLOCK_CAPTURE_AUTORELEASING = YES;
				CLANG_WARN_BOOL_CONVERSION = YES;
				CLANG_WARN_COMMA = YES;
				CLANG_WARN_CONSTANT_CONVERSION = YES;
				CLANG_WARN_DEPRECATED_OBJC_IMPLEMENTATIONS = YES;
				CLANG_WARN_DIRECT_OBJC_ISA_USAGE = YES_ERROR;
				CLANG_WARN_DOCUMENTATION_COMMENTS = YES;
				CLANG_WARN_EMPTY_BODY = YES;
				CLANG_WARN_ENUM_CONVERSION = YES;
				CLANG_WARN_INFINITE_RECURSION = YES;
				CLANG_WARN_INT_CONVERSION = YES;
				CLANG_WARN_NON_LITERAL_NULL_CONVERSION = YES;
				CLANG_WARN_OBJC_IMPLICIT_RETAIN_SELF = YES;
				CLANG_WARN_OBJC_LITERAL_CONVERSION = YES;
				CLANG_WARN_OBJC_ROOT_CLASS = YES_ERROR;
				CLANG_WARN_QUOTED_INCLUDE_IN_FRAMEWORK_HEADER = YES;
				CLANG_WARN_RANGE_LOOP_ANALYSIS = YES;
				CLANG_WARN_STRICT_PROTOTYPES = YES;
				CLANG_WARN_SUSPICIOUS_MOVE = YES;
				CLANG_WARN_UNGUARDED_AVAILABILITY = YES_AGGRESSIVE;
				CLANG_WARN_UNREACHABLE_CODE = YES;
				CLANG_WARN__DUPLICATE_METHOD_MATCH = YES;
				CODE_SIGN_IDENTITY = "Apple Development: Thomas Söderberg (R56DHJLZAS)";
				CODE_SIGN_STYLE = Automatic;
				COPY_PHASE_STRIP = NO;
				DEBUG_INFORMATION_FORMAT = dwarf;
				DEVELOPMENT_TEAM = 8MQ36FR54B;
				ENABLE_STRICT_OBJC_MSGSEND = YES;
				ENABLE_TESTABILITY = YES;
				ENABLE_USER_SCRIPT_SANDBOXING = YES;
				GCC_C_LANGUAGE_STANDARD = gnu17;
				GCC_DYNAMIC_NO_PIC = NO;
				GCC_NO_COMMON_BLOCKS = YES;
				GCC_OPTIMIZATION_LEVEL = 0;
				GCC_PREPROCESSOR_DEFINITIONS = (
					"DEBUG=1",
					"$(inherited)",
				);
				GCC_WARN_64_TO_32_BIT_CONVERSION = YES;
				GCC_WARN_ABOUT_RETURN_TYPE = YES_ERROR;
				GCC_WARN_UNDECLARED_SELECTOR = YES;
				GCC_WARN_UNINITIALIZED_AUTOS = YES_AGGRESSIVE;
				GCC_WARN_UNUSED_FUNCTION = YES;
				GCC_WARN_UNUSED_VARIABLE = YES;
				IPHONEOS_DEPLOYMENT_TARGET = 26.1;
				LOCALIZATION_PREFERS_STRING_CATALOGS = YES;
				MTL_ENABLE_DEBUG_INFO = INCLUDE_SOURCE;
				MTL_FAST_MATH = YES;
				ONLY_ACTIVE_ARCH = YES;
				SDKROOT = iphoneos;
				STRING_CATALOG_GENERATE_SYMBOLS = YES;
				SWIFT_ACTIVE_COMPILATION_CONDITIONS = "DEBUG $(inherited)";
				SWIFT_OPTIMIZATION_LEVEL = "-Onone";
			};
			name = Debug;
		};
		B99569BA2ED8D96600E88D56 /* Release */ = {
			isa = XCBuildConfiguration;
			buildSettings = {
				ALWAYS_SEARCH_USER_PATHS = NO;
				ASSETCATALOG_COMPILER_GENERATE_SWIFT_ASSET_SYMBOL_EXTENSIONS = YES;
				CLANG_ANALYZER_NONNULL = YES;
				CLANG_ANALYZER_NUMBER_OBJECT_CONVERSION = YES_AGGRESSIVE;
				CLANG_CXX_LANGUAGE_STANDARD = "gnu++20";
				CLANG_ENABLE_MODULES = YES;
				CLANG_ENABLE_OBJC_ARC = YES;
				CLANG_ENABLE_OBJC_WEAK = YES;
				CLANG_WARN_BLOCK_CAPTURE_AUTORELEASING = YES;
				CLANG_WARN_BOOL_CONVERSION = YES;
				CLANG_WARN_COMMA = YES;
				CLANG_WARN_CONSTANT_CONVERSION = YES;
				CLANG_WARN_DEPRECATED_OBJC_IMPLEMENTATIONS = YES;
				CLANG_WARN_DIRECT_OBJC_ISA_USAGE = YES_ERROR;
				CLANG_WARN_DOCUMENTATION_COMMENTS = YES;
				CLANG_WARN_EMPTY_BODY = YES;
				CLANG_WARN_ENUM_CONVERSION = YES;
				CLANG_WARN_INFINITE_RECURSION = YES;
				CLANG_WARN_INT_CONVERSION = YES;
				CLANG_WARN_NON_LITERAL_NULL_CONVERSION = YES;
				CLANG_WARN_OBJC_IMPLICIT_RETAIN_SELF = YES;
				CLANG_WARN_OBJC_LITERAL_CONVERSION = YES;
				CLANG_WARN_OBJC_ROOT_CLASS = YES_ERROR;
				CLANG_WARN_QUOTED_INCLUDE_IN_FRAMEWORK_HEADER = YES;
				CLANG_WARN_RANGE_LOOP_ANALYSIS = YES;
				CLANG_WARN_STRICT_PROTOTYPES = YES;
				CLANG_WARN_SUSPICIOUS_MOVE = YES;
				CLANG_WARN_UNGUARDED_AVAILABILITY = YES_AGGRESSIVE;
				CLANG_WARN_UNREACHABLE_CODE = YES;
				CLANG_WARN__DUPLICATE_METHOD_MATCH = YES;
				CODE_SIGN_IDENTITY = "Apple Development: Thomas Söderberg (R56DHJLZAS)";
				CODE_SIGN_STYLE = Automatic;
				COPY_PHASE_STRIP = NO;
				DEBUG_INFORMATION_FORMAT = "dwarf-with-dsym";
				DEVELOPMENT_TEAM = 8MQ36FR54B;
				ENABLE_NS_ASSERTIONS = NO;
				ENABLE_STRICT_OBJC_MSGSEND = YES;
				ENABLE_USER_SCRIPT_SANDBOXING = YES;
				GCC_C_LANGUAGE_STANDARD = gnu17;
				GCC_NO_COMMON_BLOCKS = YES;
				GCC_WARN_64_TO_32_BIT_CONVERSION = YES;
				GCC_WARN_ABOUT_RETURN_TYPE = YES_ERROR;
				GCC_WARN_UNDECLARED_SELECTOR = YES;
				GCC_WARN_UNINITIALIZED_AUTOS = YES_AGGRESSIVE;
				GCC_WARN_UNUSED_FUNCTION = YES;
				GCC_WARN_UNUSED_VARIABLE = YES;
				IPHONEOS_DEPLOYMENT_TARGET = 26.1;
				LOCALIZATION_PREFERS_STRING_CATALOGS = YES;
				MTL_ENABLE_DEBUG_INFO = NO;
				MTL_FAST_MATH = YES;
				SDKROOT = iphoneos;
				STRING_CATALOG_GENERATE_SYMBOLS = YES;
				SWIFT_COMPILATION_MODE = wholemodule;
				VALIDATE_PRODUCT = YES;
			};
			name = Release;
		};
		B99569BC2ED8D96600E88D56 /* Debug */ = {
			isa = XCBuildConfiguration;
			buildSettings = {
				ASSETCATALOG_COMPILER_APPICON_NAME = AppIcon;
				ASSETCATALOG_COMPILER_GLOBAL_ACCENT_COLOR_NAME = AccentColor;
				CODE_SIGN_ENTITLEMENTS = "RepCompanion 2/RepCompanion 2Debug.entitlements";
				CODE_SIGN_IDENTITY = "Apple Development";
				CODE_SIGN_STYLE = Automatic;
				CURRENT_PROJECT_VERSION = 5;
				DEVELOPMENT_TEAM = 8MQ36FR54B;
				ENABLE_PREVIEWS = YES;
				GENERATE_INFOPLIST_FILE = YES;
				INFOPLIST_FILE = "RepCompanion-2-Info.plist";
				INFOPLIST_KEY_CFBundleDisplayName = RepCompanion;
				INFOPLIST_KEY_LSApplicationCategoryType = "public.app-category.healthcare-fitness";
				INFOPLIST_KEY_NSCameraUsageDescription = "RepCompanion behöver tillgång till kameran för att du ska kunna skanna din utrustning och automatiskt anpassa ditt träningsprogram.";
				INFOPLIST_KEY_NSHealthShareUsageDescription = "RepCompanion behöver läsa din hälsodata för att visa din träningsaktivitet, steg, hjärtfrekvens och sömn för att ge dig personliga träningsråd och spåra din progression.";
				INFOPLIST_KEY_NSHealthUpdateUsageDescription = "RepCompanion behöver skriva träningsdata till Apple Health för att spara dina träningspass, kaloriförbrukning och hjärtfrekvens så att all din hälsodata finns på ett ställe.";
				INFOPLIST_KEY_NSLocalNetworkUsageDescription = "RepCompanion behöver tillgång till lokalt nätverk för att kommunicera med din träningsserver för synkning av program och data.";
				INFOPLIST_KEY_UIApplicationSceneManifest_Generation = YES;
				INFOPLIST_KEY_UIApplicationSupportsIndirectInputEvents = YES;
				INFOPLIST_KEY_UILaunchScreen_Generation = YES;
				INFOPLIST_KEY_UISupportedInterfaceOrientations_iPad = "UIInterfaceOrientationPortrait UIInterfaceOrientationPortraitUpsideDown UIInterfaceOrientationLandscapeLeft UIInterfaceOrientationLandscapeRight";
				INFOPLIST_KEY_UISupportedInterfaceOrientations_iPhone = "UIInterfaceOrientationPortrait UIInterfaceOrientationLandscapeLeft UIInterfaceOrientationLandscapeRight";
				LD_RUNPATH_SEARCH_PATHS = (
					"$(inherited)",
					"@executable_path/Frameworks",
				);
				MARKETING_VERSION = 1.0;
				PRODUCT_BUNDLE_IDENTIFIER = "RecomputeIT.RepCompanion-2";
				PRODUCT_NAME = "$(TARGET_NAME)";
				STRING_CATALOG_GENERATE_SYMBOLS = YES;
				SWIFT_APPROACHABLE_CONCURRENCY = YES;
				SWIFT_DEFAULT_ACTOR_ISOLATION = MainActor;
				SWIFT_EMIT_LOC_STRINGS = YES;
				SWIFT_UPCOMING_FEATURE_MEMBER_IMPORT_VISIBILITY = YES;
				SWIFT_VERSION = 5.0;
				TARGETED_DEVICE_FAMILY = "1,2";
			};
			name = Debug;
		};
		B99569BD2ED8D96600E88D56 /* Release */ = {
			isa = XCBuildConfiguration;
			buildSettings = {
				ASSETCATALOG_COMPILER_APPICON_NAME = AppIcon;
				ASSETCATALOG_COMPILER_GLOBAL_ACCENT_COLOR_NAME = AccentColor;
				CODE_SIGN_ENTITLEMENTS = "RepCompanion 2/RepCompanion 2Debug.entitlements";
				CODE_SIGN_IDENTITY = "Apple Development";
				CODE_SIGN_STYLE = Automatic;
				CURRENT_PROJECT_VERSION = 5;
				DEVELOPMENT_TEAM = 8MQ36FR54B;
				ENABLE_PREVIEWS = YES;
				GENERATE_INFOPLIST_FILE = YES;
				INFOPLIST_FILE = "RepCompanion-2-Info.plist";
				INFOPLIST_KEY_CFBundleDisplayName = RepCompanion;
				INFOPLIST_KEY_LSApplicationCategoryType = "public.app-category.healthcare-fitness";
				INFOPLIST_KEY_NSCameraUsageDescription = "RepCompanion behöver tillgång till kameran för att du ska kunna skanna din utrustning och automatiskt anpassa ditt träningsprogram.";
				INFOPLIST_KEY_NSHealthShareUsageDescription = "RepCompanion behöver läsa din hälsodata för att visa din träningsaktivitet, steg, hjärtfrekvens och sömn för att ge dig personliga träningsråd och spåra din progression.";
				INFOPLIST_KEY_NSHealthUpdateUsageDescription = "RepCompanion behöver skriva träningsdata till Apple Health för att spara dina träningspass, kaloriförbrukning och hjärtfrekvens så att all din hälsodata finns på ett ställe.";
				INFOPLIST_KEY_NSLocalNetworkUsageDescription = "RepCompanion behöver tillgång till lokalt nätverk för att kommunicera med din träningsserver för synkning av program och data.";
				INFOPLIST_KEY_UIApplicationSceneManifest_Generation = YES;
				INFOPLIST_KEY_UIApplicationSupportsIndirectInputEvents = YES;
				INFOPLIST_KEY_UILaunchScreen_Generation = YES;
				INFOPLIST_KEY_UISupportedInterfaceOrientations_iPad = "UIInterfaceOrientationPortrait UIInterfaceOrientationPortraitUpsideDown UIInterfaceOrientationLandscapeLeft UIInterfaceOrientationLandscapeRight";
				INFOPLIST_KEY_UISupportedInterfaceOrientations_iPhone = "UIInterfaceOrientationPortrait UIInterfaceOrientationLandscapeLeft UIInterfaceOrientationLandscapeRight";
				LD_RUNPATH_SEARCH_PATHS = (
					"$(inherited)",
					"@executable_path/Frameworks",
				);
				MARKETING_VERSION = 1.0;
				PRODUCT_BUNDLE_IDENTIFIER = "RecomputeIT.RepCompanion-2";
				PRODUCT_NAME = "$(TARGET_NAME)";
				PROVISIONING_PROFILE_SPECIFIER = "";
				STRING_CATALOG_GENERATE_SYMBOLS = YES;
				SWIFT_APPROACHABLE_CONCURRENCY = YES;
				SWIFT_DEFAULT_ACTOR_ISOLATION = MainActor;
				SWIFT_EMIT_LOC_STRINGS = YES;
				SWIFT_UPCOMING_FEATURE_MEMBER_IMPORT_VISIBILITY = YES;
				SWIFT_VERSION = 5.0;
				TARGETED_DEVICE_FAMILY = "1,2";
			};
			name = Release;
		};
		B99569CE2ED8D99800E88D56 /* Debug */ = {
			isa = XCBuildConfiguration;
			buildSettings = {
				ASSETCATALOG_COMPILER_APPICON_NAME = AppIcon;
				ASSETCATALOG_COMPILER_GLOBAL_ACCENT_COLOR_NAME = AccentColor;
				CODE_SIGN_ENTITLEMENTS = "Watch2 Watch App/Watch2 Watch App.entitlements";
				CODE_SIGN_IDENTITY = "Apple Development";
				CODE_SIGN_STYLE = Automatic;
				CURRENT_PROJECT_VERSION = 1;
				DEVELOPMENT_TEAM = 8MQ36FR54B;
				ENABLE_PREVIEWS = YES;
				GENERATE_INFOPLIST_FILE = YES;
				INFOPLIST_KEY_CFBundleDisplayName = Watch2;
				INFOPLIST_KEY_NSHealthShareUsageDescription = "RepCompanion behöver läsa din hälsodata för att visa din träningsaktivitet, steg, hjärtfrekvens och sömn för att ge dig personliga träningsråd och spåra din progression.";
				INFOPLIST_KEY_NSHealthUpdateUsageDescription = "RepCompanion behöver skriva träningsdata till Apple Health för att spara dina träningspass, kaloriförbrukning och hjärtfrekvens så att all din hälsodata finns på ett ställe.";
				INFOPLIST_KEY_NSLocalNetworkUsageDescription = "RepCompanion behöver tillgång till lokalt nätverk för att kommunicera med din träningsserver för synkning av program och data.";
				INFOPLIST_KEY_UISupportedInterfaceOrientations = "UIInterfaceOrientationPortrait UIInterfaceOrientationPortraitUpsideDown";
				INFOPLIST_KEY_WKCompanionAppBundleIdentifier = "RecomputeIT.RepCompanion-2";
				LD_RUNPATH_SEARCH_PATHS = (
					"$(inherited)",
					"@executable_path/Frameworks",
				);
				MARKETING_VERSION = 1.0;
				PRODUCT_BUNDLE_IDENTIFIER = "RecomputeIT.RepCompanion-2.watchkitapp";
				PRODUCT_NAME = "$(TARGET_NAME)";
				PROVISIONING_PROFILE_SPECIFIER = "";
				SDKROOT = watchos;
				SKIP_INSTALL = YES;
				STRING_CATALOG_GENERATE_SYMBOLS = YES;
				SWIFT_APPROACHABLE_CONCURRENCY = YES;
				SWIFT_DEFAULT_ACTOR_ISOLATION = MainActor;
				SWIFT_EMIT_LOC_STRINGS = YES;
				SWIFT_UPCOMING_FEATURE_MEMBER_IMPORT_VISIBILITY = YES;
				SWIFT_VERSION = 5.0;
				TARGETED_DEVICE_FAMILY = 4;
				WATCHOS_DEPLOYMENT_TARGET = 26.1;
			};
			name = Debug;
		};
		B99569CF2ED8D99800E88D56 /* Release */ = {
			isa = XCBuildConfiguration;
			buildSettings = {
				ASSETCATALOG_COMPILER_APPICON_NAME = AppIcon;
				ASSETCATALOG_COMPILER_GLOBAL_ACCENT_COLOR_NAME = AccentColor;
				CODE_SIGN_ENTITLEMENTS = "Watch2 Watch App/Watch2 Watch App.entitlements";
				CODE_SIGN_IDENTITY = "Apple Development";
				CODE_SIGN_STYLE = Automatic;
				CURRENT_PROJECT_VERSION = 1;
				DEVELOPMENT_TEAM = 8MQ36FR54B;
				ENABLE_PREVIEWS = YES;
				GENERATE_INFOPLIST_FILE = YES;
				INFOPLIST_KEY_CFBundleDisplayName = Watch2;
				INFOPLIST_KEY_NSHealthShareUsageDescription = "RepCompanion behöver läsa din hälsodata för att visa din träningsaktivitet, steg, hjärtfrekvens och sömn för att ge dig personliga träningsråd och spåra din progression.";
				INFOPLIST_KEY_NSHealthUpdateUsageDescription = "RepCompanion behöver skriva träningsdata till Apple Health för att spara dina träningspass, kaloriförbrukning och hjärtfrekvens så att all din hälsodata finns på ett ställe.";
				INFOPLIST_KEY_NSLocalNetworkUsageDescription = "RepCompanion behöver tillgång till lokalt nätverk för att kommunicera med din träningsserver för synkning av program och data.";
				INFOPLIST_KEY_UISupportedInterfaceOrientations = "UIInterfaceOrientationPortrait UIInterfaceOrientationPortraitUpsideDown";
				INFOPLIST_KEY_WKCompanionAppBundleIdentifier = "RecomputeIT.RepCompanion-2";
				LD_RUNPATH_SEARCH_PATHS = (
					"$(inherited)",
					"@executable_path/Frameworks",
				);
				MARKETING_VERSION = 1.0;
				PRODUCT_BUNDLE_IDENTIFIER = "RecomputeIT.RepCompanion-2.watchkitapp";
				PRODUCT_NAME = "$(TARGET_NAME)";
				PROVISIONING_PROFILE_SPECIFIER = "";
				SDKROOT = watchos;
				SKIP_INSTALL = YES;
				STRING_CATALOG_GENERATE_SYMBOLS = YES;
				SWIFT_APPROACHABLE_CONCURRENCY = YES;
				SWIFT_DEFAULT_ACTOR_ISOLATION = MainActor;
				SWIFT_EMIT_LOC_STRINGS = YES;
				SWIFT_UPCOMING_FEATURE_MEMBER_IMPORT_VISIBILITY = YES;
				SWIFT_VERSION = 5.0;
				TARGETED_DEVICE_FAMILY = 4;
				WATCHOS_DEPLOYMENT_TARGET = 26.1;
			};
			name = Release;
		};
/* End XCBuildConfiguration section */

/* Begin XCConfigurationList section */
		B99569A92ED8D96500E88D56 /* Build configuration list for PBXProject "RepCompanion 2 Antigravity" */ = {
			isa = XCConfigurationList;
			buildConfigurations = (
				B99569B92ED8D96600E88D56 /* Debug */,
				B99569BA2ED8D96600E88D56 /* Release */,
			);
			defaultConfigurationIsVisible = 0;
			defaultConfigurationName = Release;
		};
		B99569BB2ED8D96600E88D56 /* Build configuration list for PBXNativeTarget "RepCompanion 2" */ = {
			isa = XCConfigurationList;
			buildConfigurations = (
				B99569BC2ED8D96600E88D56 /* Debug */,
				B99569BD2ED8D96600E88D56 /* Release */,
			);
			defaultConfigurationIsVisible = 0;
			defaultConfigurationName = Release;
		};
		B99569CD2ED8D99800E88D56 /* Build configuration list for PBXNativeTarget "Watch2 Watch App" */ = {
			isa = XCConfigurationList;
			buildConfigurations = (
				B99569CE2ED8D99800E88D56 /* Debug */,
				B99569CF2ED8D99800E88D56 /* Release */,
			);
			defaultConfigurationIsVisible = 0;
			defaultConfigurationName = Release;
		};
/* End XCConfigurationList section */

/* Begin XCRemoteSwiftPackageReference section */
		B9168F522F13E80A005D08F6 /* XCRemoteSwiftPackageReference "GoogleSignIn-iOS" */ = {
			isa = XCRemoteSwiftPackageReference;
			repositoryURL = "https://github.com/google/GoogleSignIn-iOS";
			requirement = {
				kind = upToNextMajorVersion;
				minimumVersion = 9.1.0;
			};
		};
/* End XCRemoteSwiftPackageReference section */

/* Begin XCSwiftPackageProductDependency section */
		B9168F562F13F554005D08F6 /* GoogleSignIn */ = {
			isa = XCSwiftPackageProductDependency;
			package = B9168F522F13E80A005D08F6 /* XCRemoteSwiftPackageReference "GoogleSignIn-iOS" */;
			productName = GoogleSignIn;
		};
/* End XCSwiftPackageProductDependency section */
	};
	rootObject = B99569A62ED8D96500E88D56 /* Project object */;
}
